<?xml version="1.0" encoding="utf-8"?>
<Project ToolsVersion="4.0" xmlns="http://schemas.microsoft.com/developer/msbuild/2003">
  <ItemGroup>
    <Filter Include="소스 파일">
      <UniqueIdentifier>{4FC737F1-C7A5-4376-A066-2A32D752A2FF}</UniqueIdentifier>
      <Extensions>cpp;c;cc;cxx;c++;cppm;ixx;def;odl;idl;hpj;bat;asm;asmx</Extensions>
    </Filter>
    <Filter Include="헤더 파일">
      <UniqueIdentifier>{93995380-89BD-4b04-88EB-625FBE52EBFB}</UniqueIdentifier>
      <Extensions>h;hh;hpp;hxx;h++;hm;inl;inc;ipp;xsd</Extensions>
    </Filter>
    <Filter Include="리소스 파일">
      <UniqueIdentifier>{67DA6AB6-F800-4c08-8B7A-83BB121AAD01}</UniqueIdentifier>
      <Extensions>rc;ico;cur;bmp;dlg;rc2;rct;bin;rgs;gif;jpg;jpeg;jpe;resx;tiff;tif;png;wav;mfcribbon-ms</Extensions>
    </Filter>
    <Filter Include="소스 파일\GameServer">
      <UniqueIdentifier>{6c917846-ffae-4d35-913a-5b55218e7f8f}</UniqueIdentifier>
    </Filter>
    <Filter Include="소스 파일\Session">
      <UniqueIdentifier>{9b75e6f6-0d71-4269-a585-5b7eea17e985}</UniqueIdentifier>
    </Filter>
    <Filter Include="소스 파일\Exp_Over">
      <UniqueIdentifier>{4b6ba7b3-4df0-458b-977f-5fac68fcc73a}</UniqueIdentifier>
    </Filter>
    <Filter Include="소스 파일\Player">
      <UniqueIdentifier>{a5d55ece-c3bb-4185-8aa5-6cfa0dc33851}</UniqueIdentifier>
    </Filter>
    <Filter Include="소스 파일\Packet">
      <UniqueIdentifier>{53e6eda6-e4bc-4af8-8ae0-2d570d73c602}</UniqueIdentifier>
    </Filter>
  </ItemGroup>
  <ItemGroup>
    <ClCompile Include="main.cpp">
      <Filter>소스 파일</Filter>
    </ClCompile>
    <ClCompile Include="GameServer.cpp">
      <Filter>소스 파일\GameServer</Filter>
    </ClCompile>
    <ClCompile Include="Session.cpp">
      <Filter>소스 파일\Session</Filter>
    </ClCompile>
    <ClCompile Include="Exp_Over.cpp">
      <Filter>소스 파일\Exp_Over</Filter>
    </ClCompile>
    <ClCompile Include="Players.cpp">
      <Filter>소스 파일\Player</Filter>
    </ClCompile>
    <ClCompile Include="Packet.cpp">
      <Filter>소스 파일\Packet</Filter>
    </ClCompile>
  </ItemGroup>
  <ItemGroup>
    <ClInclude Include="GameServer.h">
      <Filter>소스 파일\GameServer</Filter>
    </ClInclude>
    <ClInclude Include="Session.h">
      <Filter>소스 파일\Session</Filter>
    </ClInclude>
    <ClInclude Include="Exp_Over.h">
      <Filter>소스 파일\Exp_Over</Filter>
    </ClInclude>
    <ClInclude Include="protocol.h">
      <Filter>소스 파일</Filter>
    </ClInclude>
    <ClInclude Include="stdafx.h">
      <Filter>소스 파일</Filter>
    </ClInclude>
    <ClInclude Include="Players.h">
      <Filter>소스 파일\Player</Filter>
    </ClInclude>
    <ClInclude Include="Packet.h">
      <Filter>소스 파일\Packet</Filter>
    </ClInclude>
  </ItemGroup>
</Project>